// !$*UTF8*$!
{
	archiveVersion = 1;
	classes = {
	};
	objectVersion = 51;
	objects = {

/* Begin PBXBuildFile section */
		0421362DCD59F15D684BD439 /* Pods_Connect4Challenge.framework in Frameworks */ = {isa = PBXBuildFile; fileRef = D428CD71F24D51D43D58B17C /* Pods_Connect4Challenge.framework */; };
		268DC6003140FD94F5E44AA6 /* Pods_Connect4Challenge_Connect4ChallengeUITests.framework in Frameworks */ = {isa = PBXBuildFile; fileRef = 62BC4A857E98C06BBBB72AD5 /* Pods_Connect4Challenge_Connect4ChallengeUITests.framework */; };
		2FBC1079252956B20041B788 /* AppDelegate.swift in Sources */ = {isa = PBXBuildFile; fileRef = 2FBC1078252956B20041B788 /* AppDelegate.swift */; };
		2FBC107B252956B20041B788 /* SceneDelegate.swift in Sources */ = {isa = PBXBuildFile; fileRef = 2FBC107A252956B20041B788 /* SceneDelegate.swift */; };
		2FBC1082252956B40041B788 /* Assets.xcassets in Resources */ = {isa = PBXBuildFile; fileRef = 2FBC1081252956B40041B788 /* Assets.xcassets */; };
		2FBC1085252956B40041B788 /* LaunchScreen.storyboard in Resources */ = {isa = PBXBuildFile; fileRef = 2FBC1083252956B40041B788 /* LaunchScreen.storyboard */; };
		2FBC1090252956B40041B788 /* Connect4ChallengeTests.swift in Sources */ = {isa = PBXBuildFile; fileRef = 2FBC108F252956B40041B788 /* Connect4ChallengeTests.swift */; };
		2FBC109B252956B40041B788 /* Connect4ChallengeUITests.swift in Sources */ = {isa = PBXBuildFile; fileRef = 2FBC109A252956B40041B788 /* Connect4ChallengeUITests.swift */; };
		2FBC10AE252A7F480041B788 /* Player.storyboard in Resources */ = {isa = PBXBuildFile; fileRef = 2FBC10AD252A7F480041B788 /* Player.storyboard */; };
		2FBC10B3252A7F870041B788 /* PlayerViewController.swift in Sources */ = {isa = PBXBuildFile; fileRef = 2FBC10B2252A7F870041B788 /* PlayerViewController.swift */; };
		2FBC10B8252A7FD60041B788 /* PlayerViewModel.swift in Sources */ = {isa = PBXBuildFile; fileRef = 2FBC10B7252A7FD60041B788 /* PlayerViewModel.swift */; };
		2FBC10CB252A80440041B788 /* Player.swift in Sources */ = {isa = PBXBuildFile; fileRef = 2FBC10CA252A80440041B788 /* Player.swift */; };
		2FBC10D3252A809B0041B788 /* PlayerCoordinator.swift in Sources */ = {isa = PBXBuildFile; fileRef = 2FBC10D2252A809B0041B788 /* PlayerCoordinator.swift */; };
		2FBC10D9252A80C70041B788 /* Coordinator.swift in Sources */ = {isa = PBXBuildFile; fileRef = 2FBC10D8252A80C70041B788 /* Coordinator.swift */; };
		2FBC10DF252A81560041B788 /* StoryboardInstantiable.swift in Sources */ = {isa = PBXBuildFile; fileRef = 2FBC10DE252A81560041B788 /* StoryboardInstantiable.swift */; };
		2FBC10F3252A88400041B788 /* Game.storyboard in Resources */ = {isa = PBXBuildFile; fileRef = 2FBC10F2252A88400041B788 /* Game.storyboard */; };
		2FBC10F8252A8AAF0041B788 /* GameViewController.swift in Sources */ = {isa = PBXBuildFile; fileRef = 2FBC10F7252A8AAF0041B788 /* GameViewController.swift */; };
		2FBC10FD252A8B540041B788 /* GameViewModel.swift in Sources */ = {isa = PBXBuildFile; fileRef = 2FBC10FC252A8B540041B788 /* GameViewModel.swift */; };
		2FBC1102252A8B920041B788 /* Chip.swift in Sources */ = {isa = PBXBuildFile; fileRef = 2FBC1101252A8B920041B788 /* Chip.swift */; };
		2FBC1110252A8CAB0041B788 /* ChipCollectionViewCell.swift in Sources */ = {isa = PBXBuildFile; fileRef = 2FBC110E252A8CAB0041B788 /* ChipCollectionViewCell.swift */; };
		2FBC1111252A8CAB0041B788 /* ChipCollectionViewCell.xib in Resources */ = {isa = PBXBuildFile; fileRef = 2FBC110F252A8CAB0041B788 /* ChipCollectionViewCell.xib */; };
		2FBC1116252A8D0D0041B788 /* GameCoordinator.swift in Sources */ = {isa = PBXBuildFile; fileRef = 2FBC1115252A8D0D0041B788 /* GameCoordinator.swift */; };
		2FBC111C252A93720041B788 /* History.storyboard in Resources */ = {isa = PBXBuildFile; fileRef = 2FBC111B252A93720041B788 /* History.storyboard */; };
		2FBC112C252A93C90041B788 /* HistoryViewController.swift in Sources */ = {isa = PBXBuildFile; fileRef = 2FBC112B252A93C90041B788 /* HistoryViewController.swift */; };
		2FBC1131252A940B0041B788 /* HistoryCoordinator.swift in Sources */ = {isa = PBXBuildFile; fileRef = 2FBC1130252A940B0041B788 /* HistoryCoordinator.swift */; };
		2FBC1137252A94810041B788 /* GameTableViewCell.swift in Sources */ = {isa = PBXBuildFile; fileRef = 2FBC1135252A94810041B788 /* GameTableViewCell.swift */; };
		2FBC1138252A94810041B788 /* GameTableViewCell.xib in Resources */ = {isa = PBXBuildFile; fileRef = 2FBC1136252A94810041B788 /* GameTableViewCell.xib */; };
		2FBC113D252A94E80041B788 /* HistoryViewModel.swift in Sources */ = {isa = PBXBuildFile; fileRef = 2FBC113C252A94E80041B788 /* HistoryViewModel.swift */; };
		2FBC1148252AC9BD0041B788 /* GoogleService-Info.plist in Resources */ = {isa = PBXBuildFile; fileRef = 2FBC1147252AC9BD0041B788 /* GoogleService-Info.plist */; };
		2FBC1177252AD0FC0041B788 /* FirebaseFetcher.swift in Sources */ = {isa = PBXBuildFile; fileRef = 2FBC1176252AD0FC0041B788 /* FirebaseFetcher.swift */; };
		2FBC117C252AD1170041B788 /* Game.swift in Sources */ = {isa = PBXBuildFile; fileRef = 2FBC117B252AD1170041B788 /* Game.swift */; };
		5B794CBE7C63976416C3F3E5 /* Pods_Connect4ChallengeTests.framework in Frameworks */ = {isa = PBXBuildFile; fileRef = D29D79585F99B020DCF6DB61 /* Pods_Connect4ChallengeTests.framework */; };
/* End PBXBuildFile section */

/* Begin PBXContainerItemProxy section */
		2FBC108C252956B40041B788 /* PBXContainerItemProxy */ = {
			isa = PBXContainerItemProxy;
			containerPortal = 2FBC106D252956B20041B788 /* Project object */;
			proxyType = 1;
			remoteGlobalIDString = 2FBC1074252956B20041B788;
			remoteInfo = Connect4Challenge;
		};
		2FBC1097252956B40041B788 /* PBXContainerItemProxy */ = {
			isa = PBXContainerItemProxy;
			containerPortal = 2FBC106D252956B20041B788 /* Project object */;
			proxyType = 1;
			remoteGlobalIDString = 2FBC1074252956B20041B788;
			remoteInfo = Connect4Challenge;
		};
/* End PBXContainerItemProxy section */

/* Begin PBXFileReference section */
		0E4984724C4FC9D01E5E6BA1 /* Pods-Connect4Challenge-Connect4ChallengeUITests.debug.xcconfig */ = {isa = PBXFileReference; includeInIndex = 1; lastKnownFileType = text.xcconfig; name = "Pods-Connect4Challenge-Connect4ChallengeUITests.debug.xcconfig"; path = "Target Support Files/Pods-Connect4Challenge-Connect4ChallengeUITests/Pods-Connect4Challenge-Connect4ChallengeUITests.debug.xcconfig"; sourceTree = "<group>"; };
		2BA04E428CF4FC1DA6B4FF37 /* Pods-Connect4Challenge.debug.xcconfig */ = {isa = PBXFileReference; includeInIndex = 1; lastKnownFileType = text.xcconfig; name = "Pods-Connect4Challenge.debug.xcconfig"; path = "Target Support Files/Pods-Connect4Challenge/Pods-Connect4Challenge.debug.xcconfig"; sourceTree = "<group>"; };
		2FBC1075252956B20041B788 /* Connect4Challenge.app */ = {isa = PBXFileReference; explicitFileType = wrapper.application; includeInIndex = 0; path = Connect4Challenge.app; sourceTree = BUILT_PRODUCTS_DIR; };
		2FBC1078252956B20041B788 /* AppDelegate.swift */ = {isa = PBXFileReference; lastKnownFileType = sourcecode.swift; path = AppDelegate.swift; sourceTree = "<group>"; };
		2FBC107A252956B20041B788 /* SceneDelegate.swift */ = {isa = PBXFileReference; lastKnownFileType = sourcecode.swift; path = SceneDelegate.swift; sourceTree = "<group>"; };
		2FBC1081252956B40041B788 /* Assets.xcassets */ = {isa = PBXFileReference; lastKnownFileType = folder.assetcatalog; path = Assets.xcassets; sourceTree = "<group>"; };
		2FBC1084252956B40041B788 /* Base */ = {isa = PBXFileReference; lastKnownFileType = file.storyboard; name = Base; path = Base.lproj/LaunchScreen.storyboard; sourceTree = "<group>"; };
		2FBC1086252956B40041B788 /* Info.plist */ = {isa = PBXFileReference; lastKnownFileType = text.plist.xml; path = Info.plist; sourceTree = "<group>"; };
		2FBC108B252956B40041B788 /* Connect4ChallengeTests.xctest */ = {isa = PBXFileReference; explicitFileType = wrapper.cfbundle; includeInIndex = 0; path = Connect4ChallengeTests.xctest; sourceTree = BUILT_PRODUCTS_DIR; };
		2FBC108F252956B40041B788 /* Connect4ChallengeTests.swift */ = {isa = PBXFileReference; lastKnownFileType = sourcecode.swift; path = Connect4ChallengeTests.swift; sourceTree = "<group>"; };
		2FBC1091252956B40041B788 /* Info.plist */ = {isa = PBXFileReference; lastKnownFileType = text.plist.xml; path = Info.plist; sourceTree = "<group>"; };
		2FBC1096252956B40041B788 /* Connect4ChallengeUITests.xctest */ = {isa = PBXFileReference; explicitFileType = wrapper.cfbundle; includeInIndex = 0; path = Connect4ChallengeUITests.xctest; sourceTree = BUILT_PRODUCTS_DIR; };
		2FBC109A252956B40041B788 /* Connect4ChallengeUITests.swift */ = {isa = PBXFileReference; lastKnownFileType = sourcecode.swift; path = Connect4ChallengeUITests.swift; sourceTree = "<group>"; };
		2FBC109C252956B40041B788 /* Info.plist */ = {isa = PBXFileReference; lastKnownFileType = text.plist.xml; path = Info.plist; sourceTree = "<group>"; };
		2FBC10AD252A7F480041B788 /* Player.storyboard */ = {isa = PBXFileReference; lastKnownFileType = file.storyboard; path = Player.storyboard; sourceTree = "<group>"; };
		2FBC10B2252A7F870041B788 /* PlayerViewController.swift */ = {isa = PBXFileReference; lastKnownFileType = sourcecode.swift; path = PlayerViewController.swift; sourceTree = "<group>"; };
		2FBC10B7252A7FD60041B788 /* PlayerViewModel.swift */ = {isa = PBXFileReference; lastKnownFileType = sourcecode.swift; path = PlayerViewModel.swift; sourceTree = "<group>"; };
		2FBC10CA252A80440041B788 /* Player.swift */ = {isa = PBXFileReference; lastKnownFileType = sourcecode.swift; path = Player.swift; sourceTree = "<group>"; };
		2FBC10D2252A809B0041B788 /* PlayerCoordinator.swift */ = {isa = PBXFileReference; lastKnownFileType = sourcecode.swift; path = PlayerCoordinator.swift; sourceTree = "<group>"; };
		2FBC10D8252A80C70041B788 /* Coordinator.swift */ = {isa = PBXFileReference; lastKnownFileType = sourcecode.swift; path = Coordinator.swift; sourceTree = "<group>"; };
		2FBC10DE252A81560041B788 /* StoryboardInstantiable.swift */ = {isa = PBXFileReference; lastKnownFileType = sourcecode.swift; path = StoryboardInstantiable.swift; sourceTree = "<group>"; };
		2FBC10F2252A88400041B788 /* Game.storyboard */ = {isa = PBXFileReference; lastKnownFileType = file.storyboard; path = Game.storyboard; sourceTree = "<group>"; };
		2FBC10F7252A8AAF0041B788 /* GameViewController.swift */ = {isa = PBXFileReference; lastKnownFileType = sourcecode.swift; path = GameViewController.swift; sourceTree = "<group>"; };
		2FBC10FC252A8B540041B788 /* GameViewModel.swift */ = {isa = PBXFileReference; lastKnownFileType = sourcecode.swift; path = GameViewModel.swift; sourceTree = "<group>"; };
		2FBC1101252A8B920041B788 /* Chip.swift */ = {isa = PBXFileReference; lastKnownFileType = sourcecode.swift; path = Chip.swift; sourceTree = "<group>"; };
		2FBC110E252A8CAB0041B788 /* ChipCollectionViewCell.swift */ = {isa = PBXFileReference; lastKnownFileType = sourcecode.swift; path = ChipCollectionViewCell.swift; sourceTree = "<group>"; };
		2FBC110F252A8CAB0041B788 /* ChipCollectionViewCell.xib */ = {isa = PBXFileReference; lastKnownFileType = file.xib; path = ChipCollectionViewCell.xib; sourceTree = "<group>"; };
		2FBC1115252A8D0D0041B788 /* GameCoordinator.swift */ = {isa = PBXFileReference; lastKnownFileType = sourcecode.swift; path = GameCoordinator.swift; sourceTree = "<group>"; };
		2FBC111B252A93720041B788 /* History.storyboard */ = {isa = PBXFileReference; lastKnownFileType = file.storyboard; path = History.storyboard; sourceTree = "<group>"; };
		2FBC112B252A93C90041B788 /* HistoryViewController.swift */ = {isa = PBXFileReference; lastKnownFileType = sourcecode.swift; path = HistoryViewController.swift; sourceTree = "<group>"; };
		2FBC1130252A940B0041B788 /* HistoryCoordinator.swift */ = {isa = PBXFileReference; lastKnownFileType = sourcecode.swift; path = HistoryCoordinator.swift; sourceTree = "<group>"; };
		2FBC1135252A94810041B788 /* GameTableViewCell.swift */ = {isa = PBXFileReference; lastKnownFileType = sourcecode.swift; path = GameTableViewCell.swift; sourceTree = "<group>"; };
		2FBC1136252A94810041B788 /* GameTableViewCell.xib */ = {isa = PBXFileReference; lastKnownFileType = file.xib; path = GameTableViewCell.xib; sourceTree = "<group>"; };
		2FBC113C252A94E80041B788 /* HistoryViewModel.swift */ = {isa = PBXFileReference; lastKnownFileType = sourcecode.swift; path = HistoryViewModel.swift; sourceTree = "<group>"; };
		2FBC1147252AC9BD0041B788 /* GoogleService-Info.plist */ = {isa = PBXFileReference; fileEncoding = 4; lastKnownFileType = text.plist.xml; path = "GoogleService-Info.plist"; sourceTree = "<group>"; };
		2FBC1176252AD0FC0041B788 /* FirebaseFetcher.swift */ = {isa = PBXFileReference; fileEncoding = 4; lastKnownFileType = sourcecode.swift; path = FirebaseFetcher.swift; sourceTree = "<group>"; };
		2FBC117B252AD1170041B788 /* Game.swift */ = {isa = PBXFileReference; lastKnownFileType = sourcecode.swift; path = Game.swift; sourceTree = "<group>"; };
		3295FAE6CD1EAA489536A9D5 /* Pods-Connect4Challenge-Connect4ChallengeUITests.release.xcconfig */ = {isa = PBXFileReference; includeInIndex = 1; lastKnownFileType = text.xcconfig; name = "Pods-Connect4Challenge-Connect4ChallengeUITests.release.xcconfig"; path = "Target Support Files/Pods-Connect4Challenge-Connect4ChallengeUITests/Pods-Connect4Challenge-Connect4ChallengeUITests.release.xcconfig"; sourceTree = "<group>"; };
		62BC4A857E98C06BBBB72AD5 /* Pods_Connect4Challenge_Connect4ChallengeUITests.framework */ = {isa = PBXFileReference; explicitFileType = wrapper.framework; includeInIndex = 0; path = Pods_Connect4Challenge_Connect4ChallengeUITests.framework; sourceTree = BUILT_PRODUCTS_DIR; };
		7D288AE6E8C6704A5D8B8AA9 /* Pods-Connect4ChallengeTests.release.xcconfig */ = {isa = PBXFileReference; includeInIndex = 1; lastKnownFileType = text.xcconfig; name = "Pods-Connect4ChallengeTests.release.xcconfig"; path = "Target Support Files/Pods-Connect4ChallengeTests/Pods-Connect4ChallengeTests.release.xcconfig"; sourceTree = "<group>"; };
		8EAC2A6E829856C1CBF77BD2 /* Pods-Connect4Challenge.release.xcconfig */ = {isa = PBXFileReference; includeInIndex = 1; lastKnownFileType = text.xcconfig; name = "Pods-Connect4Challenge.release.xcconfig"; path = "Target Support Files/Pods-Connect4Challenge/Pods-Connect4Challenge.release.xcconfig"; sourceTree = "<group>"; };
		C70536215C8A8E21F3C9E8AD /* Pods-Connect4ChallengeTests.debug.xcconfig */ = {isa = PBXFileReference; includeInIndex = 1; lastKnownFileType = text.xcconfig; name = "Pods-Connect4ChallengeTests.debug.xcconfig"; path = "Target Support Files/Pods-Connect4ChallengeTests/Pods-Connect4ChallengeTests.debug.xcconfig"; sourceTree = "<group>"; };
		D29D79585F99B020DCF6DB61 /* Pods_Connect4ChallengeTests.framework */ = {isa = PBXFileReference; explicitFileType = wrapper.framework; includeInIndex = 0; path = Pods_Connect4ChallengeTests.framework; sourceTree = BUILT_PRODUCTS_DIR; };
		D428CD71F24D51D43D58B17C /* Pods_Connect4Challenge.framework */ = {isa = PBXFileReference; explicitFileType = wrapper.framework; includeInIndex = 0; path = Pods_Connect4Challenge.framework; sourceTree = BUILT_PRODUCTS_DIR; };
/* End PBXFileReference section */

/* Begin PBXFrameworksBuildPhase section */
		2FBC1072252956B20041B788 /* Frameworks */ = {
			isa = PBXFrameworksBuildPhase;
			buildActionMask = 2147483647;
			files = (
				0421362DCD59F15D684BD439 /* Pods_Connect4Challenge.framework in Frameworks */,
			);
			runOnlyForDeploymentPostprocessing = 0;
		};
		2FBC1088252956B40041B788 /* Frameworks */ = {
			isa = PBXFrameworksBuildPhase;
			buildActionMask = 2147483647;
			files = (
				5B794CBE7C63976416C3F3E5 /* Pods_Connect4ChallengeTests.framework in Frameworks */,
			);
			runOnlyForDeploymentPostprocessing = 0;
		};
		2FBC1093252956B40041B788 /* Frameworks */ = {
			isa = PBXFrameworksBuildPhase;
			buildActionMask = 2147483647;
			files = (
				268DC6003140FD94F5E44AA6 /* Pods_Connect4Challenge_Connect4ChallengeUITests.framework in Frameworks */,
			);
			runOnlyForDeploymentPostprocessing = 0;
		};
/* End PBXFrameworksBuildPhase section */

/* Begin PBXGroup section */
		2FBC106C252956B20041B788 = {
			isa = PBXGroup;
			children = (
				2FBC1077252956B20041B788 /* Connect4Challenge */,
				2FBC108E252956B40041B788 /* Connect4ChallengeTests */,
				2FBC1099252956B40041B788 /* Connect4ChallengeUITests */,
				2FBC1076252956B20041B788 /* Products */,
				E34B701E758802F8785CD84F /* Pods */,
				55041F51A29B092107D1A9BA /* Frameworks */,
			);
			sourceTree = "<group>";
		};
		2FBC1076252956B20041B788 /* Products */ = {
			isa = PBXGroup;
			children = (
				2FBC1075252956B20041B788 /* Connect4Challenge.app */,
				2FBC108B252956B40041B788 /* Connect4ChallengeTests.xctest */,
				2FBC1096252956B40041B788 /* Connect4ChallengeUITests.xctest */,
			);
			name = Products;
			sourceTree = "<group>";
		};
		2FBC1077252956B20041B788 /* Connect4Challenge */ = {
			isa = PBXGroup;
			children = (
				2FBC10AB252A7EF60041B788 /* App */,
				2FBC1081252956B40041B788 /* Assets.xcassets */,
				2FBC1083252956B40041B788 /* LaunchScreen.storyboard */,
				2FBC1086252956B40041B788 /* Info.plist */,
				2FBC1147252AC9BD0041B788 /* GoogleService-Info.plist */,
			);
			path = Connect4Challenge;
			sourceTree = "<group>";
		};
		2FBC108E252956B40041B788 /* Connect4ChallengeTests */ = {
			isa = PBXGroup;
			children = (
				2FBC108F252956B40041B788 /* Connect4ChallengeTests.swift */,
				2FBC1091252956B40041B788 /* Info.plist */,
			);
			path = Connect4ChallengeTests;
			sourceTree = "<group>";
		};
		2FBC1099252956B40041B788 /* Connect4ChallengeUITests */ = {
			isa = PBXGroup;
			children = (
				2FBC109A252956B40041B788 /* Connect4ChallengeUITests.swift */,
				2FBC109C252956B40041B788 /* Info.plist */,
			);
			path = Connect4ChallengeUITests;
			sourceTree = "<group>";
		};
		2FBC10AB252A7EF60041B788 /* App */ = {
			isa = PBXGroup;
			children = (
				2FBC1078252956B20041B788 /* AppDelegate.swift */,
				2FBC107A252956B20041B788 /* SceneDelegate.swift */,
				2FBC10DD252A81440041B788 /* Extension */,
				2FBC10D7252A80B50041B788 /* Protocol */,
				2FBC10C8252A802C0041B788 /* Model */,
				2FBC10BC252A80110041B788 /* UI */,
			);
			path = App;
			sourceTree = "<group>";
		};
		2FBC10AC252A7F0D0041B788 /* Player */ = {
			isa = PBXGroup;
			children = (
				2FBC10AD252A7F480041B788 /* Player.storyboard */,
				2FBC10B2252A7F870041B788 /* PlayerViewController.swift */,
				2FBC10B7252A7FD60041B788 /* PlayerViewModel.swift */,
				2FBC10D2252A809B0041B788 /* PlayerCoordinator.swift */,
			);
			path = Player;
			sourceTree = "<group>";
		};
		2FBC10BC252A80110041B788 /* UI */ = {
			isa = PBXGroup;
			children = (
				2FBC111A252A935C0041B788 /* History */,
				2FBC10F1252A882F0041B788 /* Game */,
				2FBC10AC252A7F0D0041B788 /* Player */,
			);
			path = UI;
			sourceTree = "<group>";
		};
		2FBC10C8252A802C0041B788 /* Model */ = {
			isa = PBXGroup;
			children = (
				2FBC1175252AD0D60041B788 /* Firebase */,
				2FBC10C9252A80360041B788 /* Entity */,
			);
			path = Model;
			sourceTree = "<group>";
		};
		2FBC10C9252A80360041B788 /* Entity */ = {
			isa = PBXGroup;
			children = (
				2FBC10CA252A80440041B788 /* Player.swift */,
				2FBC1101252A8B920041B788 /* Chip.swift */,
				2FBC117B252AD1170041B788 /* Game.swift */,
			);
			path = Entity;
			sourceTree = "<group>";
		};
		2FBC10D7252A80B50041B788 /* Protocol */ = {
			isa = PBXGroup;
			children = (
				2FBC10DE252A81560041B788 /* StoryboardInstantiable.swift */,
				2FBC10D8252A80C70041B788 /* Coordinator.swift */,
			);
			path = Protocol;
			sourceTree = "<group>";
		};
		2FBC10DD252A81440041B788 /* Extension */ = {
			isa = PBXGroup;
			children = (
			);
			path = Extension;
			sourceTree = "<group>";
		};
		2FBC10F1252A882F0041B788 /* Game */ = {
			isa = PBXGroup;
			children = (
				2FBC10F2252A88400041B788 /* Game.storyboard */,
				2FBC10F7252A8AAF0041B788 /* GameViewController.swift */,
				2FBC10FC252A8B540041B788 /* GameViewModel.swift */,
				2FBC110E252A8CAB0041B788 /* ChipCollectionViewCell.swift */,
				2FBC110F252A8CAB0041B788 /* ChipCollectionViewCell.xib */,
				2FBC1115252A8D0D0041B788 /* GameCoordinator.swift */,
			);
			path = Game;
			sourceTree = "<group>";
		};
		2FBC111A252A935C0041B788 /* History */ = {
			isa = PBXGroup;
			children = (
				2FBC111B252A93720041B788 /* History.storyboard */,
				2FBC112B252A93C90041B788 /* HistoryViewController.swift */,
				2FBC1130252A940B0041B788 /* HistoryCoordinator.swift */,
				2FBC1135252A94810041B788 /* GameTableViewCell.swift */,
				2FBC1136252A94810041B788 /* GameTableViewCell.xib */,
				2FBC113C252A94E80041B788 /* HistoryViewModel.swift */,
			);
			path = History;
			sourceTree = "<group>";
		};
		2FBC1175252AD0D60041B788 /* Firebase */ = {
			isa = PBXGroup;
			children = (
				2FBC1176252AD0FC0041B788 /* FirebaseFetcher.swift */,
			);
			path = Firebase;
			sourceTree = "<group>";
		};
		55041F51A29B092107D1A9BA /* Frameworks */ = {
			isa = PBXGroup;
			children = (
				D428CD71F24D51D43D58B17C /* Pods_Connect4Challenge.framework */,
				62BC4A857E98C06BBBB72AD5 /* Pods_Connect4Challenge_Connect4ChallengeUITests.framework */,
				D29D79585F99B020DCF6DB61 /* Pods_Connect4ChallengeTests.framework */,
			);
			name = Frameworks;
			sourceTree = "<group>";
		};
		E34B701E758802F8785CD84F /* Pods */ = {
			isa = PBXGroup;
			children = (
				2BA04E428CF4FC1DA6B4FF37 /* Pods-Connect4Challenge.debug.xcconfig */,
				8EAC2A6E829856C1CBF77BD2 /* Pods-Connect4Challenge.release.xcconfig */,
				0E4984724C4FC9D01E5E6BA1 /* Pods-Connect4Challenge-Connect4ChallengeUITests.debug.xcconfig */,
				3295FAE6CD1EAA489536A9D5 /* Pods-Connect4Challenge-Connect4ChallengeUITests.release.xcconfig */,
				C70536215C8A8E21F3C9E8AD /* Pods-Connect4ChallengeTests.debug.xcconfig */,
				7D288AE6E8C6704A5D8B8AA9 /* Pods-Connect4ChallengeTests.release.xcconfig */,
			);
			path = Pods;
			sourceTree = "<group>";
		};
/* End PBXGroup section */

/* Begin PBXNativeTarget section */
		2FBC1074252956B20041B788 /* Connect4Challenge */ = {
			isa = PBXNativeTarget;
			buildConfigurationList = 2FBC109F252956B40041B788 /* Build configuration list for PBXNativeTarget "Connect4Challenge" */;
			buildPhases = (
				A66B9FEF9076AB433C868D76 /* [CP] Check Pods Manifest.lock */,
				2FBC1071252956B20041B788 /* Sources */,
				2FBC1072252956B20041B788 /* Frameworks */,
				2FBC1073252956B20041B788 /* Resources */,
				A74E34403113E8ADA973E18B /* [CP] Embed Pods Frameworks */,
			);
			buildRules = (
			);
			dependencies = (
			);
			name = Connect4Challenge;
			productName = Connect4Challenge;
			productReference = 2FBC1075252956B20041B788 /* Connect4Challenge.app */;
			productType = "com.apple.product-type.application";
		};
		2FBC108A252956B40041B788 /* Connect4ChallengeTests */ = {
			isa = PBXNativeTarget;
			buildConfigurationList = 2FBC10A2252956B40041B788 /* Build configuration list for PBXNativeTarget "Connect4ChallengeTests" */;
			buildPhases = (
				69190ED1890F2E49662ED74A /* [CP] Check Pods Manifest.lock */,
				2FBC1087252956B40041B788 /* Sources */,
				2FBC1088252956B40041B788 /* Frameworks */,
				2FBC1089252956B40041B788 /* Resources */,
			);
			buildRules = (
			);
			dependencies = (
				2FBC108D252956B40041B788 /* PBXTargetDependency */,
			);
			name = Connect4ChallengeTests;
			productName = Connect4ChallengeTests;
			productReference = 2FBC108B252956B40041B788 /* Connect4ChallengeTests.xctest */;
			productType = "com.apple.product-type.bundle.unit-test";
		};
		2FBC1095252956B40041B788 /* Connect4ChallengeUITests */ = {
			isa = PBXNativeTarget;
			buildConfigurationList = 2FBC10A5252956B40041B788 /* Build configuration list for PBXNativeTarget "Connect4ChallengeUITests" */;
			buildPhases = (
				3C7929A8651DC52E008EE4B7 /* [CP] Check Pods Manifest.lock */,
				2FBC1092252956B40041B788 /* Sources */,
				2FBC1093252956B40041B788 /* Frameworks */,
				2FBC1094252956B40041B788 /* Resources */,
				7D41E3C3D7314727F07998B8 /* [CP] Embed Pods Frameworks */,
			);
			buildRules = (
			);
			dependencies = (
				2FBC1098252956B40041B788 /* PBXTargetDependency */,
			);
			name = Connect4ChallengeUITests;
			productName = Connect4ChallengeUITests;
			productReference = 2FBC1096252956B40041B788 /* Connect4ChallengeUITests.xctest */;
			productType = "com.apple.product-type.bundle.ui-testing";
		};
/* End PBXNativeTarget section */

/* Begin PBXProject section */
		2FBC106D252956B20041B788 /* Project object */ = {
			isa = PBXProject;
			attributes = {
				LastSwiftUpdateCheck = 1200;
				LastUpgradeCheck = 1200;
				TargetAttributes = {
					2FBC1074252956B20041B788 = {
						CreatedOnToolsVersion = 12.0;
					};
					2FBC108A252956B40041B788 = {
						CreatedOnToolsVersion = 12.0;
						TestTargetID = 2FBC1074252956B20041B788;
					};
					2FBC1095252956B40041B788 = {
						CreatedOnToolsVersion = 12.0;
						TestTargetID = 2FBC1074252956B20041B788;
					};
				};
			};
			buildConfigurationList = 2FBC1070252956B20041B788 /* Build configuration list for PBXProject "Connect4Challenge" */;
			compatibilityVersion = "Xcode 9.3";
			developmentRegion = en;
			hasScannedForEncodings = 0;
			knownRegions = (
				en,
				Base,
			);
			mainGroup = 2FBC106C252956B20041B788;
			productRefGroup = 2FBC1076252956B20041B788 /* Products */;
			projectDirPath = "";
			projectRoot = "";
			targets = (
				2FBC1074252956B20041B788 /* Connect4Challenge */,
				2FBC108A252956B40041B788 /* Connect4ChallengeTests */,
				2FBC1095252956B40041B788 /* Connect4ChallengeUITests */,
			);
		};
/* End PBXProject section */

/* Begin PBXResourcesBuildPhase section */
		2FBC1073252956B20041B788 /* Resources */ = {
			isa = PBXResourcesBuildPhase;
			buildActionMask = 2147483647;
			files = (
				2FBC10F3252A88400041B788 /* Game.storyboard in Resources */,
				2FBC1148252AC9BD0041B788 /* GoogleService-Info.plist in Resources */,
				2FBC1085252956B40041B788 /* LaunchScreen.storyboard in Resources */,
				2FBC10AE252A7F480041B788 /* Player.storyboard in Resources */,
				2FBC1082252956B40041B788 /* Assets.xcassets in Resources */,
				2FBC1111252A8CAB0041B788 /* ChipCollectionViewCell.xib in Resources */,
				2FBC111C252A93720041B788 /* History.storyboard in Resources */,
				2FBC1138252A94810041B788 /* GameTableViewCell.xib in Resources */,
			);
			runOnlyForDeploymentPostprocessing = 0;
		};
		2FBC1089252956B40041B788 /* Resources */ = {
			isa = PBXResourcesBuildPhase;
			buildActionMask = 2147483647;
			files = (
			);
			runOnlyForDeploymentPostprocessing = 0;
		};
		2FBC1094252956B40041B788 /* Resources */ = {
			isa = PBXResourcesBuildPhase;
			buildActionMask = 2147483647;
			files = (
			);
			runOnlyForDeploymentPostprocessing = 0;
		};
/* End PBXResourcesBuildPhase section */

/* Begin PBXShellScriptBuildPhase section */
		3C7929A8651DC52E008EE4B7 /* [CP] Check Pods Manifest.lock */ = {
			isa = PBXShellScriptBuildPhase;
			buildActionMask = 2147483647;
			files = (
			);
			inputFileListPaths = (
			);
			inputPaths = (
				"${PODS_PODFILE_DIR_PATH}/Podfile.lock",
				"${PODS_ROOT}/Manifest.lock",
			);
			name = "[CP] Check Pods Manifest.lock";
			outputFileListPaths = (
			);
			outputPaths = (
				"$(DERIVED_FILE_DIR)/Pods-Connect4Challenge-Connect4ChallengeUITests-checkManifestLockResult.txt",
			);
			runOnlyForDeploymentPostprocessing = 0;
			shellPath = /bin/sh;
			shellScript = "diff \"${PODS_PODFILE_DIR_PATH}/Podfile.lock\" \"${PODS_ROOT}/Manifest.lock\" > /dev/null\nif [ $? != 0 ] ; then\n    # print error to STDERR\n    echo \"error: The sandbox is not in sync with the Podfile.lock. Run 'pod install' or update your CocoaPods installation.\" >&2\n    exit 1\nfi\n# This output is used by Xcode 'outputs' to avoid re-running this script phase.\necho \"SUCCESS\" > \"${SCRIPT_OUTPUT_FILE_0}\"\n";
			showEnvVarsInLog = 0;
		};
		69190ED1890F2E49662ED74A /* [CP] Check Pods Manifest.lock */ = {
			isa = PBXShellScriptBuildPhase;
			buildActionMask = 2147483647;
			files = (
			);
			inputFileListPaths = (
			);
			inputPaths = (
				"${PODS_PODFILE_DIR_PATH}/Podfile.lock",
				"${PODS_ROOT}/Manifest.lock",
			);
			name = "[CP] Check Pods Manifest.lock";
			outputFileListPaths = (
			);
			outputPaths = (
				"$(DERIVED_FILE_DIR)/Pods-Connect4ChallengeTests-checkManifestLockResult.txt",
			);
			runOnlyForDeploymentPostprocessing = 0;
			shellPath = /bin/sh;
			shellScript = "diff \"${PODS_PODFILE_DIR_PATH}/Podfile.lock\" \"${PODS_ROOT}/Manifest.lock\" > /dev/null\nif [ $? != 0 ] ; then\n    # print error to STDERR\n    echo \"error: The sandbox is not in sync with the Podfile.lock. Run 'pod install' or update your CocoaPods installation.\" >&2\n    exit 1\nfi\n# This output is used by Xcode 'outputs' to avoid re-running this script phase.\necho \"SUCCESS\" > \"${SCRIPT_OUTPUT_FILE_0}\"\n";
			showEnvVarsInLog = 0;
		};
		7D41E3C3D7314727F07998B8 /* [CP] Embed Pods Frameworks */ = {
			isa = PBXShellScriptBuildPhase;
			buildActionMask = 2147483647;
			files = (
			);
			inputFileListPaths = (
				"${PODS_ROOT}/Target Support Files/Pods-Connect4Challenge-Connect4ChallengeUITests/Pods-Connect4Challenge-Connect4ChallengeUITests-frameworks-${CONFIGURATION}-input-files.xcfilelist",
			);
			name = "[CP] Embed Pods Frameworks";
			outputFileListPaths = (
				"${PODS_ROOT}/Target Support Files/Pods-Connect4Challenge-Connect4ChallengeUITests/Pods-Connect4Challenge-Connect4ChallengeUITests-frameworks-${CONFIGURATION}-output-files.xcfilelist",
			);
			runOnlyForDeploymentPostprocessing = 0;
			shellPath = /bin/sh;
			shellScript = "\"${PODS_ROOT}/Target Support Files/Pods-Connect4Challenge-Connect4ChallengeUITests/Pods-Connect4Challenge-Connect4ChallengeUITests-frameworks.sh\"\n";
			showEnvVarsInLog = 0;
		};
		A66B9FEF9076AB433C868D76 /* [CP] Check Pods Manifest.lock */ = {
			isa = PBXShellScriptBuildPhase;
			buildActionMask = 2147483647;
			files = (
			);
			inputFileListPaths = (
			);
			inputPaths = (
				"${PODS_PODFILE_DIR_PATH}/Podfile.lock",
				"${PODS_ROOT}/Manifest.lock",
			);
			name = "[CP] Check Pods Manifest.lock";
			outputFileListPaths = (
			);
			outputPaths = (
				"$(DERIVED_FILE_DIR)/Pods-Connect4Challenge-checkManifestLockResult.txt",
			);
			runOnlyForDeploymentPostprocessing = 0;
			shellPath = /bin/sh;
			shellScript = "diff \"${PODS_PODFILE_DIR_PATH}/Podfile.lock\" \"${PODS_ROOT}/Manifest.lock\" > /dev/null\nif [ $? != 0 ] ; then\n    # print error to STDERR\n    echo \"error: The sandbox is not in sync with the Podfile.lock. Run 'pod install' or update your CocoaPods installation.\" >&2\n    exit 1\nfi\n# This output is used by Xcode 'outputs' to avoid re-running this script phase.\necho \"SUCCESS\" > \"${SCRIPT_OUTPUT_FILE_0}\"\n";
			showEnvVarsInLog = 0;
		};
		A74E34403113E8ADA973E18B /* [CP] Embed Pods Frameworks */ = {
			isa = PBXShellScriptBuildPhase;
			buildActionMask = 2147483647;
			files = (
			);
			inputFileListPaths = (
				"${PODS_ROOT}/Target Support Files/Pods-Connect4Challenge/Pods-Connect4Challenge-frameworks-${CONFIGURATION}-input-files.xcfilelist",
			);
			name = "[CP] Embed Pods Frameworks";
			outputFileListPaths = (
				"${PODS_ROOT}/Target Support Files/Pods-Connect4Challenge/Pods-Connect4Challenge-frameworks-${CONFIGURATION}-output-files.xcfilelist",
			);
			runOnlyForDeploymentPostprocessing = 0;
			shellPath = /bin/sh;
			shellScript = "\"${PODS_ROOT}/Target Support Files/Pods-Connect4Challenge/Pods-Connect4Challenge-frameworks.sh\"\n";
			showEnvVarsInLog = 0;
		};
/* End PBXShellScriptBuildPhase section */

/* Begin PBXSourcesBuildPhase section */
		2FBC1071252956B20041B788 /* Sources */ = {
			isa = PBXSourcesBuildPhase;
			buildActionMask = 2147483647;
			files = (
				2FBC10D9252A80C70041B788 /* Coordinator.swift in Sources */,
				2FBC1102252A8B920041B788 /* Chip.swift in Sources */,
				2FBC1110252A8CAB0041B788 /* ChipCollectionViewCell.swift in Sources */,
				2FBC10B8252A7FD60041B788 /* PlayerViewModel.swift in Sources */,
				2FBC113D252A94E80041B788 /* HistoryViewModel.swift in Sources */,
				2FBC10B3252A7F870041B788 /* PlayerViewController.swift in Sources */,
				2FBC112C252A93C90041B788 /* HistoryViewController.swift in Sources */,
				2FBC10DF252A81560041B788 /* StoryboardInstantiable.swift in Sources */,
				2FBC10F8252A8AAF0041B788 /* GameViewController.swift in Sources */,
				2FBC1079252956B20041B788 /* AppDelegate.swift in Sources */,
				2FBC10CB252A80440041B788 /* Player.swift in Sources */,
				2FBC107B252956B20041B788 /* SceneDelegate.swift in Sources */,
				2FBC1177252AD0FC0041B788 /* FirebaseFetcher.swift in Sources */,
				2FBC10FD252A8B540041B788 /* GameViewModel.swift in Sources */,
				2FBC117C252AD1170041B788 /* Game.swift in Sources */,
				2FBC10D3252A809B0041B788 /* PlayerCoordinator.swift in Sources */,
				2FBC1116252A8D0D0041B788 /* GameCoordinator.swift in Sources */,
				2FBC1131252A940B0041B788 /* HistoryCoordinator.swift in Sources */,
				2FBC1137252A94810041B788 /* GameTableViewCell.swift in Sources */,
			);
			runOnlyForDeploymentPostprocessing = 0;
		};
		2FBC1087252956B40041B788 /* Sources */ = {
			isa = PBXSourcesBuildPhase;
			buildActionMask = 2147483647;
			files = (
				2FBC1090252956B40041B788 /* Connect4ChallengeTests.swift in Sources */,
			);
			runOnlyForDeploymentPostprocessing = 0;
		};
		2FBC1092252956B40041B788 /* Sources */ = {
			isa = PBXSourcesBuildPhase;
			buildActionMask = 2147483647;
			files = (
				2FBC109B252956B40041B788 /* Connect4ChallengeUITests.swift in Sources */,
			);
			runOnlyForDeploymentPostprocessing = 0;
		};
/* End PBXSourcesBuildPhase section */

/* Begin PBXTargetDependency section */
		2FBC108D252956B40041B788 /* PBXTargetDependency */ = {
			isa = PBXTargetDependency;
			target = 2FBC1074252956B20041B788 /* Connect4Challenge */;
			targetProxy = 2FBC108C252956B40041B788 /* PBXContainerItemProxy */;
		};
		2FBC1098252956B40041B788 /* PBXTargetDependency */ = {
			isa = PBXTargetDependency;
			target = 2FBC1074252956B20041B788 /* Connect4Challenge */;
			targetProxy = 2FBC1097252956B40041B788 /* PBXContainerItemProxy */;
		};
/* End PBXTargetDependency section */

/* Begin PBXVariantGroup section */
		2FBC1083252956B40041B788 /* LaunchScreen.storyboard */ = {
			isa = PBXVariantGroup;
			children = (
				2FBC1084252956B40041B788 /* Base */,
			);
			name = LaunchScreen.storyboard;
			sourceTree = "<group>";
		};
/* End PBXVariantGroup section */

/* Begin XCBuildConfiguration section */
		2FBC109D252956B40041B788 /* Debug */ = {
			isa = XCBuildConfiguration;
			buildSettings = {
				ALWAYS_SEARCH_USER_PATHS = NO;
				CLANG_ANALYZER_NONNULL = YES;
				CLANG_ANALYZER_NUMBER_OBJECT_CONVERSION = YES_AGGRESSIVE;
				CLANG_CXX_LANGUAGE_STANDARD = "gnu++14";
				CLANG_CXX_LIBRARY = "libc++";
				CLANG_ENABLE_MODULES = YES;
				CLANG_ENABLE_OBJC_ARC = YES;
				CLANG_ENABLE_OBJC_WEAK = YES;
				CLANG_WARN_BLOCK_CAPTURE_AUTORELEASING = YES;
				CLANG_WARN_BOOL_CONVERSION = YES;
				CLANG_WARN_COMMA = YES;
				CLANG_WARN_CONSTANT_CONVERSION = YES;
				CLANG_WARN_DEPRECATED_OBJC_IMPLEMENTATIONS = YES;
				CLANG_WARN_DIRECT_OBJC_ISA_USAGE = YES_ERROR;
				CLANG_WARN_DOCUMENTATION_COMMENTS = YES;
				CLANG_WARN_EMPTY_BODY = YES;
				CLANG_WARN_ENUM_CONVERSION = YES;
				CLANG_WARN_INFINITE_RECURSION = YES;
				CLANG_WARN_INT_CONVERSION = YES;
				CLANG_WARN_NON_LITERAL_NULL_CONVERSION = YES;
				CLANG_WARN_OBJC_IMPLICIT_RETAIN_SELF = YES;
				CLANG_WARN_OBJC_LITERAL_CONVERSION = YES;
				CLANG_WARN_OBJC_ROOT_CLASS = YES_ERROR;
				CLANG_WARN_QUOTED_INCLUDE_IN_FRAMEWORK_HEADER = YES;
				CLANG_WARN_RANGE_LOOP_ANALYSIS = YES;
				CLANG_WARN_STRICT_PROTOTYPES = YES;
				CLANG_WARN_SUSPICIOUS_MOVE = YES;
				CLANG_WARN_UNGUARDED_AVAILABILITY = YES_AGGRESSIVE;
				CLANG_WARN_UNREACHABLE_CODE = YES;
				CLANG_WARN__DUPLICATE_METHOD_MATCH = YES;
				COPY_PHASE_STRIP = NO;
				DEBUG_INFORMATION_FORMAT = dwarf;
				ENABLE_STRICT_OBJC_MSGSEND = YES;
				ENABLE_TESTABILITY = YES;
				GCC_C_LANGUAGE_STANDARD = gnu11;
				GCC_DYNAMIC_NO_PIC = NO;
				GCC_NO_COMMON_BLOCKS = YES;
				GCC_OPTIMIZATION_LEVEL = 0;
				GCC_PREPROCESSOR_DEFINITIONS = (
					"DEBUG=1",
					"$(inherited)",
				);
				GCC_WARN_64_TO_32_BIT_CONVERSION = YES;
				GCC_WARN_ABOUT_RETURN_TYPE = YES_ERROR;
				GCC_WARN_UNDECLARED_SELECTOR = YES;
				GCC_WARN_UNINITIALIZED_AUTOS = YES_AGGRESSIVE;
				GCC_WARN_UNUSED_FUNCTION = YES;
				GCC_WARN_UNUSED_VARIABLE = YES;
				IPHONEOS_DEPLOYMENT_TARGET = 14.0;
				MTL_ENABLE_DEBUG_INFO = INCLUDE_SOURCE;
				MTL_FAST_MATH = YES;
				ONLY_ACTIVE_ARCH = YES;
				SDKROOT = iphoneos;
				SWIFT_ACTIVE_COMPILATION_CONDITIONS = DEBUG;
				SWIFT_OPTIMIZATION_LEVEL = "-Onone";
			};
			name = Debug;
		};
		2FBC109E252956B40041B788 /* Release */ = {
			isa = XCBuildConfiguration;
			buildSettings = {
				ALWAYS_SEARCH_USER_PATHS = NO;
				CLANG_ANALYZER_NONNULL = YES;
				CLANG_ANALYZER_NUMBER_OBJECT_CONVERSION = YES_AGGRESSIVE;
				CLANG_CXX_LANGUAGE_STANDARD = "gnu++14";
				CLANG_CXX_LIBRARY = "libc++";
				CLANG_ENABLE_MODULES = YES;
				CLANG_ENABLE_OBJC_ARC = YES;
				CLANG_ENABLE_OBJC_WEAK = YES;
				CLANG_WARN_BLOCK_CAPTURE_AUTORELEASING = YES;
				CLANG_WARN_BOOL_CONVERSION = YES;
				CLANG_WARN_COMMA = YES;
				CLANG_WARN_CONSTANT_CONVERSION = YES;
				CLANG_WARN_DEPRECATED_OBJC_IMPLEMENTATIONS = YES;
				CLANG_WARN_DIRECT_OBJC_ISA_USAGE = YES_ERROR;
				CLANG_WARN_DOCUMENTATION_COMMENTS = YES;
				CLANG_WARN_EMPTY_BODY = YES;
				CLANG_WARN_ENUM_CONVERSION = YES;
				CLANG_WARN_INFINITE_RECURSION = YES;
				CLANG_WARN_INT_CONVERSION = YES;
				CLANG_WARN_NON_LITERAL_NULL_CONVERSION = YES;
				CLANG_WARN_OBJC_IMPLICIT_RETAIN_SELF = YES;
				CLANG_WARN_OBJC_LITERAL_CONVERSION = YES;
				CLANG_WARN_OBJC_ROOT_CLASS = YES_ERROR;
				CLANG_WARN_QUOTED_INCLUDE_IN_FRAMEWORK_HEADER = YES;
				CLANG_WARN_RANGE_LOOP_ANALYSIS = YES;
				CLANG_WARN_STRICT_PROTOTYPES = YES;
				CLANG_WARN_SUSPICIOUS_MOVE = YES;
				CLANG_WARN_UNGUARDED_AVAILABILITY = YES_AGGRESSIVE;
				CLANG_WARN_UNREACHABLE_CODE = YES;
				CLANG_WARN__DUPLICATE_METHOD_MATCH = YES;
				COPY_PHASE_STRIP = NO;
				DEBUG_INFORMATION_FORMAT = "dwarf-with-dsym";
				ENABLE_NS_ASSERTIONS = NO;
				ENABLE_STRICT_OBJC_MSGSEND = YES;
				GCC_C_LANGUAGE_STANDARD = gnu11;
				GCC_NO_COMMON_BLOCKS = YES;
				GCC_WARN_64_TO_32_BIT_CONVERSION = YES;
				GCC_WARN_ABOUT_RETURN_TYPE = YES_ERROR;
				GCC_WARN_UNDECLARED_SELECTOR = YES;
				GCC_WARN_UNINITIALIZED_AUTOS = YES_AGGRESSIVE;
				GCC_WARN_UNUSED_FUNCTION = YES;
				GCC_WARN_UNUSED_VARIABLE = YES;
				IPHONEOS_DEPLOYMENT_TARGET = 14.0;
				MTL_ENABLE_DEBUG_INFO = NO;
				MTL_FAST_MATH = YES;
				SDKROOT = iphoneos;
				SWIFT_COMPILATION_MODE = wholemodule;
				SWIFT_OPTIMIZATION_LEVEL = "-O";
				VALIDATE_PRODUCT = YES;
			};
			name = Release;
		};
		2FBC10A0252956B40041B788 /* Debug */ = {
			isa = XCBuildConfiguration;
			baseConfigurationReference = 2BA04E428CF4FC1DA6B4FF37 /* Pods-Connect4Challenge.debug.xcconfig */;
			buildSettings = {
				ASSETCATALOG_COMPILER_APPICON_NAME = AppIcon;
				ASSETCATALOG_COMPILER_GLOBAL_ACCENT_COLOR_NAME = AccentColor;
				CODE_SIGN_STYLE = Automatic;
				DEVELOPMENT_TEAM = 2WD4LJ5535;
				INFOPLIST_FILE = Connect4Challenge/Info.plist;
				LD_RUNPATH_SEARCH_PATHS = (
					"$(inherited)",
					"@executable_path/Frameworks",
				);
				PRODUCT_BUNDLE_IDENTIFIER = com.bonsebas.Connect4Challenge;
				PRODUCT_NAME = "$(TARGET_NAME)";
				SWIFT_VERSION = 5.0;
				TARGETED_DEVICE_FAMILY = "1,2";
			};
			name = Debug;
		};
		2FBC10A1252956B40041B788 /* Release */ = {
			isa = XCBuildConfiguration;
			baseConfigurationReference = 8EAC2A6E829856C1CBF77BD2 /* Pods-Connect4Challenge.release.xcconfig */;
			buildSettings = {
				ASSETCATALOG_COMPILER_APPICON_NAME = AppIcon;
				ASSETCATALOG_COMPILER_GLOBAL_ACCENT_COLOR_NAME = AccentColor;
				CODE_SIGN_STYLE = Automatic;
				DEVELOPMENT_TEAM = 2WD4LJ5535;
				INFOPLIST_FILE = Connect4Challenge/Info.plist;
				LD_RUNPATH_SEARCH_PATHS = (
					"$(inherited)",
					"@executable_path/Frameworks",
				);
				PRODUCT_BUNDLE_IDENTIFIER = com.bonsebas.Connect4Challenge;
				PRODUCT_NAME = "$(TARGET_NAME)";
				SWIFT_VERSION = 5.0;
				TARGETED_DEVICE_FAMILY = "1,2";
			};
			name = Release;
		};
		2FBC10A3252956B40041B788 /* Debug */ = {
			isa = XCBuildConfiguration;
			baseConfigurationReference = C70536215C8A8E21F3C9E8AD /* Pods-Connect4ChallengeTests.debug.xcconfig */;
			buildSettings = {
				ALWAYS_EMBED_SWIFT_STANDARD_LIBRARIES = YES;
				BUNDLE_LOADER = "$(TEST_HOST)";
				CODE_SIGN_STYLE = Automatic;
				DEVELOPMENT_TEAM = 2WD4LJ5535;
				INFOPLIST_FILE = Connect4ChallengeTests/Info.plist;
				IPHONEOS_DEPLOYMENT_TARGET = 14.0;
				LD_RUNPATH_SEARCH_PATHS = (
					"$(inherited)",
					"@executable_path/Frameworks",
					"@loader_path/Frameworks",
				);
				PRODUCT_BUNDLE_IDENTIFIER = com.bonsebas.Connect4ChallengeTests;
				PRODUCT_NAME = "$(TARGET_NAME)";
				SWIFT_VERSION = 5.0;
				TARGETED_DEVICE_FAMILY = "1,2";
				TEST_HOST = "$(BUILT_PRODUCTS_DIR)/Connect4Challenge.app/Connect4Challenge";
			};
			name = Debug;
		};
		2FBC10A4252956B40041B788 /* Release */ = {
			isa = XCBuildConfiguration;
			baseConfigurationReference = 7D288AE6E8C6704A5D8B8AA9 /* Pods-Connect4ChallengeTests.release.xcconfig */;
			buildSettings = {
				ALWAYS_EMBED_SWIFT_STANDARD_LIBRARIES = YES;
				BUNDLE_LOADER = "$(TEST_HOST)";
				CODE_SIGN_STYLE = Automatic;
				DEVELOPMENT_TEAM = 2WD4LJ5535;
				INFOPLIST_FILE = Connect4ChallengeTests/Info.plist;
				IPHONEOS_DEPLOYMENT_TARGET = 14.0;
				LD_RUNPATH_SEARCH_PATHS = (
					"$(inherited)",
					"@executable_path/Frameworks",
					"@loader_path/Frameworks",
				);
				PRODUCT_BUNDLE_IDENTIFIER = com.bonsebas.Connect4ChallengeTests;
				PRODUCT_NAME = "$(TARGET_NAME)";
				SWIFT_VERSION = 5.0;
				TARGETED_DEVICE_FAMILY = "1,2";
				TEST_HOST = "$(BUILT_PRODUCTS_DIR)/Connect4Challenge.app/Connect4Challenge";
			};
			name = Release;
		};
		2FBC10A6252956B40041B788 /* Debug */ = {
			isa = XCBuildConfiguration;
			baseConfigurationReference = 0E4984724C4FC9D01E5E6BA1 /* Pods-Connect4Challenge-Connect4ChallengeUITests.debug.xcconfig */;
			buildSettings = {
				ALWAYS_EMBED_SWIFT_STANDARD_LIBRARIES = YES;
				CODE_SIGN_STYLE = Automatic;
				DEVELOPMENT_TEAM = 2WD4LJ5535;
				INFOPLIST_FILE = Connect4ChallengeUITests/Info.plist;
				LD_RUNPATH_SEARCH_PATHS = (
					"$(inherited)",
					"@executable_path/Frameworks",
					"@loader_path/Frameworks",
				);
				PRODUCT_BUNDLE_IDENTIFIER = com.bonsebas.Connect4ChallengeUITests;
				PRODUCT_NAME = "$(TARGET_NAME)";
				SWIFT_VERSION = 5.0;
				TARGETED_DEVICE_FAMILY = "1,2";
				TEST_TARGET_NAME = Connect4Challenge;
			};
			name = Debug;
		};
		2FBC10A7252956B40041B788 /* Release */ = {
			isa = XCBuildConfiguration;
			baseConfigurationReference = 3295FAE6CD1EAA489536A9D5 /* Pods-Connect4Challenge-Connect4ChallengeUITests.release.xcconfig */;
			buildSettings = {
				ALWAYS_EMBED_SWIFT_STANDARD_LIBRARIES = YES;
				CODE_SIGN_STYLE = Automatic;
				DEVELOPMENT_TEAM = 2WD4LJ5535;
				INFOPLIST_FILE = Connect4ChallengeUITests/Info.plist;
				LD_RUNPATH_SEARCH_PATHS = (
					"$(inherited)",
					"@executable_path/Frameworks",
					"@loader_path/Frameworks",
				);
				PRODUCT_BUNDLE_IDENTIFIER = com.bonsebas.Connect4ChallengeUITests;
				PRODUCT_NAME = "$(TARGET_NAME)";
				SWIFT_VERSION = 5.0;
				TARGETED_DEVICE_FAMILY = "1,2";
				TEST_TARGET_NAME = Connect4Challenge;
			};
			name = Release;
		};
/* End XCBuildConfiguration section */

/* Begin XCConfigurationList section */
		2FBC1070252956B20041B788 /* Build configuration list for PBXProject "Connect4Challenge" */ = {
			isa = XCConfigurationList;
			buildConfigurations = (
				2FBC109D252956B40041B788 /* Debug */,
				2FBC109E252956B40041B788 /* Release */,
			);
			defaultConfigurationIsVisible = 0;
			defaultConfigurationName = Release;
		};
		2FBC109F252956B40041B788 /* Build configuration list for PBXNativeTarget "Connect4Challenge" */ = {
			isa = XCConfigurationList;
			buildConfigurations = (
				2FBC10A0252956B40041B788 /* Debug */,
				2FBC10A1252956B40041B788 /* Release */,
			);
			defaultConfigurationIsVisible = 0;
			defaultConfigurationName = Release;
		};
		2FBC10A2252956B40041B788 /* Build configuration list for PBXNativeTarget "Connect4ChallengeTests" */ = {
			isa = XCConfigurationList;
			buildConfigurations = (
				2FBC10A3252956B40041B788 /* Debug */,
				2FBC10A4252956B40041B788 /* Release */,
			);
			defaultConfigurationIsVisible = 0;
			defaultConfigurationName = Release;
		};
		2FBC10A5252956B40041B788 /* Build configuration list for PBXNativeTarget "Connect4ChallengeUITests" */ = {
			isa = XCConfigurationList;
			buildConfigurations = (
				2FBC10A6252956B40041B788 /* Debug */,
				2FBC10A7252956B40041B788 /* Release */,
			);
			defaultConfigurationIsVisible = 0;
			defaultConfigurationName = Release;
		};
/* End XCConfigurationList section */
	};
	rootObject = 2FBC106D252956B20041B788 /* Project object */;
}
